// !$*UTF8*$!
{
	archiveVersion = 1;
	classes = {
	};
	objectVersion = 50;
	objects = {

/* Begin PBXBuildFile section */
		84D3CB66257F00720042AD1E /* AppDelegate.swift in Sources */ = {isa = PBXBuildFile; fileRef = 84D3CB65257F00720042AD1E /* AppDelegate.swift */; };
		84D3CB68257F00720042AD1E /* SceneDelegate.swift in Sources */ = {isa = PBXBuildFile; fileRef = 84D3CB67257F00720042AD1E /* SceneDelegate.swift */; };
		84D3CB6A257F00720042AD1E /* ViewController.swift in Sources */ = {isa = PBXBuildFile; fileRef = 84D3CB69257F00720042AD1E /* ViewController.swift */; };
		84D3CB6D257F00730042AD1E /* Main.storyboard in Resources */ = {isa = PBXBuildFile; fileRef = 84D3CB6B257F00730042AD1E /* Main.storyboard */; };
		84D3CB6F257F007A0042AD1E /* Assets.xcassets in Resources */ = {isa = PBXBuildFile; fileRef = 84D3CB6E257F007A0042AD1E /* Assets.xcassets */; };
		84D3CB72257F007A0042AD1E /* LaunchScreen.storyboard in Resources */ = {isa = PBXBuildFile; fileRef = 84D3CB70257F007A0042AD1E /* LaunchScreen.storyboard */; };
		84D3CB7D257F007B0042AD1E /* LightTests.swift in Sources */ = {isa = PBXBuildFile; fileRef = 84D3CB7C257F007B0042AD1E /* LightTests.swift */; };
		84D3CB88257F007B0042AD1E /* LightUITests.swift in Sources */ = {isa = PBXBuildFile; fileRef = 84D3CB87257F007B0042AD1E /* LightUITests.swift */; };
/* End PBXBuildFile section */

/* Begin PBXContainerItemProxy section */
		84D3CB79257F007B0042AD1E /* PBXContainerItemProxy */ = {
			isa = PBXContainerItemProxy;
			containerPortal = 84D3CB5A257F00720042AD1E /* Project object */;
			proxyType = 1;
			remoteGlobalIDString = 84D3CB61257F00720042AD1E;
			remoteInfo = Light;
		};
		84D3CB84257F007B0042AD1E /* PBXContainerItemProxy */ = {
			isa = PBXContainerItemProxy;
			containerPortal = 84D3CB5A257F00720042AD1E /* Project object */;
			proxyType = 1;
			remoteGlobalIDString = 84D3CB61257F00720042AD1E;
			remoteInfo = Light;
		};
/* End PBXContainerItemProxy section */

/* Begin PBXFileReference section */
		84D3CB62257F00720042AD1E /* Light.app */ = {isa = PBXFileReference; explicitFileType = wrapper.application; includeInIndex = 0; path = Light.app; sourceTree = BUILT_PRODUCTS_DIR; };
		84D3CB65257F00720042AD1E /* AppDelegate.swift */ = {isa = PBXFileReference; lastKnownFileType = sourcecode.swift; path = AppDelegate.swift; sourceTree = "<group>"; };
		84D3CB67257F00720042AD1E /* SceneDelegate.swift */ = {isa = PBXFileReference; lastKnownFileType = sourcecode.swift; path = SceneDelegate.swift; sourceTree = "<group>"; };
		84D3CB69257F00720042AD1E /* ViewController.swift */ = {isa = PBXFileReference; lastKnownFileType = sourcecode.swift; path = ViewController.swift; sourceTree = "<group>"; };
		84D3CB6C257F00730042AD1E /* Base */ = {isa = PBXFileReference; lastKnownFileType = file.storyboard; name = Base; path = Base.lproj/Main.storyboard; sourceTree = "<group>"; };
		84D3CB6E257F007A0042AD1E /* Assets.xcassets */ = {isa = PBXFileReference; lastKnownFileType = folder.assetcatalog; path = Assets.xcassets; sourceTree = "<group>"; };
		84D3CB71257F007A0042AD1E /* Base */ = {isa = PBXFileReference; lastKnownFileType = file.storyboard; name = Base; path = Base.lproj/LaunchScreen.storyboard; sourceTree = "<group>"; };
		84D3CB73257F007A0042AD1E /* Info.plist */ = {isa = PBXFileReference; lastKnownFileType = text.plist.xml; path = Info.plist; sourceTree = "<group>"; };
		84D3CB78257F007B0042AD1E /* LightTests.xctest */ = {isa = PBXFileReference; explicitFileType = wrapper.cfbundle; includeInIndex = 0; path = LightTests.xctest; sourceTree = BUILT_PRODUCTS_DIR; };
		84D3CB7C257F007B0042AD1E /* LightTests.swift */ = {isa = PBXFileReference; lastKnownFileType = sourcecode.swift; path = LightTests.swift; sourceTree = "<group>"; };
		84D3CB7E257F007B0042AD1E /* Info.plist */ = {isa = PBXFileReference; lastKnownFileType = text.plist.xml; path = Info.plist; sourceTree = "<group>"; };
		84D3CB83257F007B0042AD1E /* LightUITests.xctest */ = {isa = PBXFileReference; explicitFileType = wrapper.cfbundle; includeInIndex = 0; path = LightUITests.xctest; sourceTree = BUILT_PRODUCTS_DIR; };
		84D3CB87257F007B0042AD1E /* LightUITests.swift */ = {isa = PBXFileReference; lastKnownFileType = sourcecode.swift; path = LightUITests.swift; sourceTree = "<group>"; };
		84D3CB89257F007B0042AD1E /* Info.plist */ = {isa = PBXFileReference; lastKnownFileType = text.plist.xml; path = Info.plist; sourceTree = "<group>"; };
/* End PBXFileReference section */

/* Begin PBXFrameworksBuildPhase section */
		84D3CB5F257F00720042AD1E /* Frameworks */ = {
			isa = PBXFrameworksBuildPhase;
			buildActionMask = 2147483647;
			files = (
			);
			runOnlyForDeploymentPostprocessing = 0;
		};
		84D3CB75257F007B0042AD1E /* Frameworks */ = {
			isa = PBXFrameworksBuildPhase;
			buildActionMask = 2147483647;
			files = (
			);
			runOnlyForDeploymentPostprocessing = 0;
		};
		84D3CB80257F007B0042AD1E /* Frameworks */ = {
			isa = PBXFrameworksBuildPhase;
			buildActionMask = 2147483647;
			files = (
			);
			runOnlyForDeploymentPostprocessing = 0;
		};
/* End PBXFrameworksBuildPhase section */

/* Begin PBXGroup section */
		84D3CB59257F00720042AD1E = {
			isa = PBXGroup;
			children = (
				84D3CB64257F00720042AD1E /* Light */,
				84D3CB7B257F007B0042AD1E /* LightTests */,
				84D3CB86257F007B0042AD1E /* LightUITests */,
				84D3CB63257F00720042AD1E /* Products */,
			);
			sourceTree = "<group>";
		};
		84D3CB63257F00720042AD1E /* Products */ = {
			isa = PBXGroup;
			children = (
				84D3CB62257F00720042AD1E /* Light.app */,
				84D3CB78257F007B0042AD1E /* LightTests.xctest */,
				84D3CB83257F007B0042AD1E /* LightUITests.xctest */,
			);
			name = Products;
			sourceTree = "<group>";
		};
		84D3CB64257F00720042AD1E /* Light */ = {
			isa = PBXGroup;
			children = (
				84D3CB65257F00720042AD1E /* AppDelegate.swift */,
				84D3CB67257F00720042AD1E /* SceneDelegate.swift */,
				84D3CB69257F00720042AD1E /* ViewController.swift */,
				84D3CB6B257F00730042AD1E /* Main.storyboard */,
				84D3CB6E257F007A0042AD1E /* Assets.xcassets */,
				84D3CB70257F007A0042AD1E /* LaunchScreen.storyboard */,
				84D3CB73257F007A0042AD1E /* Info.plist */,
			);
			path = Light;
			sourceTree = "<group>";
		};
		84D3CB7B257F007B0042AD1E /* LightTests */ = {
			isa = PBXGroup;
			children = (
				84D3CB7C257F007B0042AD1E /* LightTests.swift */,
				84D3CB7E257F007B0042AD1E /* Info.plist */,
			);
			path = LightTests;
			sourceTree = "<group>";
		};
		84D3CB86257F007B0042AD1E /* LightUITests */ = {
			isa = PBXGroup;
			children = (
				84D3CB87257F007B0042AD1E /* LightUITests.swift */,
				84D3CB89257F007B0042AD1E /* Info.plist */,
			);
			path = LightUITests;
			sourceTree = "<group>";
		};
/* End PBXGroup section */

/* Begin PBXNativeTarget section */
		84D3CB61257F00720042AD1E /* Light */ = {
			isa = PBXNativeTarget;
			buildConfigurationList = 84D3CB8C257F007B0042AD1E /* Build configuration list for PBXNativeTarget "Light" */;
			buildPhases = (
				84D3CB5E257F00720042AD1E /* Sources */,
				84D3CB5F257F00720042AD1E /* Frameworks */,
				84D3CB60257F00720042AD1E /* Resources */,
			);
			buildRules = (
			);
			dependencies = (
			);
			name = Light;
			productName = Light;
			productReference = 84D3CB62257F00720042AD1E /* Light.app */;
			productType = "com.apple.product-type.application";
		};
		84D3CB77257F007B0042AD1E /* LightTests */ = {
			isa = PBXNativeTarget;
			buildConfigurationList = 84D3CB8F257F007B0042AD1E /* Build configuration list for PBXNativeTarget "LightTests" */;
			buildPhases = (
				84D3CB74257F007B0042AD1E /* Sources */,
				84D3CB75257F007B0042AD1E /* Frameworks */,
				84D3CB76257F007B0042AD1E /* Resources */,
			);
			buildRules = (
			);
			dependencies = (
				84D3CB7A257F007B0042AD1E /* PBXTargetDependency */,
			);
			name = LightTests;
			productName = LightTests;
			productReference = 84D3CB78257F007B0042AD1E /* LightTests.xctest */;
			productType = "com.apple.product-type.bundle.unit-test";
		};
		84D3CB82257F007B0042AD1E /* LightUITests */ = {
			isa = PBXNativeTarget;
			buildConfigurationList = 84D3CB92257F007B0042AD1E /* Build configuration list for PBXNativeTarget "LightUITests" */;
			buildPhases = (
				84D3CB7F257F007B0042AD1E /* Sources */,
				84D3CB80257F007B0042AD1E /* Frameworks */,
				84D3CB81257F007B0042AD1E /* Resources */,
			);
			buildRules = (
			);
			dependencies = (
				84D3CB85257F007B0042AD1E /* PBXTargetDependency */,
			);
			name = LightUITests;
			productName = LightUITests;
			productReference = 84D3CB83257F007B0042AD1E /* LightUITests.xctest */;
			productType = "com.apple.product-type.bundle.ui-testing";
		};
/* End PBXNativeTarget section */

/* Begin PBXProject section */
		84D3CB5A257F00720042AD1E /* Project object */ = {
			isa = PBXProject;
			attributes = {
				LastSwiftUpdateCheck = 1220;
				LastUpgradeCheck = 1220;
				TargetAttributes = {
					84D3CB61257F00720042AD1E = {
						CreatedOnToolsVersion = 12.2;
					};
					84D3CB77257F007B0042AD1E = {
						CreatedOnToolsVersion = 12.2;
						TestTargetID = 84D3CB61257F00720042AD1E;
					};
					84D3CB82257F007B0042AD1E = {
						CreatedOnToolsVersion = 12.2;
						TestTargetID = 84D3CB61257F00720042AD1E;
					};
				};
			};
			buildConfigurationList = 84D3CB5D257F00720042AD1E /* Build configuration list for PBXProject "Light" */;
			compatibilityVersion = "Xcode 9.3";
			developmentRegion = en;
			hasScannedForEncodings = 0;
			knownRegions = (
				en,
				Base,
			);
			mainGroup = 84D3CB59257F00720042AD1E;
			productRefGroup = 84D3CB63257F00720042AD1E /* Products */;
			projectDirPath = "";
			projectRoot = "";
			targets = (
				84D3CB61257F00720042AD1E /* Light */,
				84D3CB77257F007B0042AD1E /* LightTests */,
				84D3CB82257F007B0042AD1E /* LightUITests */,
			);
		};
/* End PBXProject section */

/* Begin PBXResourcesBuildPhase section */
		84D3CB60257F00720042AD1E /* Resources */ = {
			isa = PBXResourcesBuildPhase;
			buildActionMask = 2147483647;
			files = (
				84D3CB72257F007A0042AD1E /* LaunchScreen.storyboard in Resources */,
				84D3CB6F257F007A0042AD1E /* Assets.xcassets in Resources */,
				84D3CB6D257F00730042AD1E /* Main.storyboard in Resources */,
			);
			runOnlyForDeploymentPostprocessing = 0;
		};
		84D3CB76257F007B0042AD1E /* Resources */ = {
			isa = PBXResourcesBuildPhase;
			buildActionMask = 2147483647;
			files = (
			);
			runOnlyForDeploymentPostprocessing = 0;
		};
		84D3CB81257F007B0042AD1E /* Resources */ = {
			isa = PBXResourcesBuildPhase;
			buildActionMask = 2147483647;
			files = (
			);
			runOnlyForDeploymentPostprocessing = 0;
		};
/* End PBXResourcesBuildPhase section */

/* Begin PBXSourcesBuildPhase section */
		84D3CB5E257F00720042AD1E /* Sources */ = {
			isa = PBXSourcesBuildPhase;
			buildActionMask = 2147483647;
			files = (
				84D3CB6A257F00720042AD1E /* ViewController.swift in Sources */,
				84D3CB66257F00720042AD1E /* AppDelegate.swift in Sources */,
				84D3CB68257F00720042AD1E /* SceneDelegate.swift in Sources */,
			);
			runOnlyForDeploymentPostprocessing = 0;
		};
		84D3CB74257F007B0042AD1E /* Sources */ = {
			isa = PBXSourcesBuildPhase;
			buildActionMask = 2147483647;
			files = (
				84D3CB7D257F007B0042AD1E /* LightTests.swift in Sources */,
			);
			runOnlyForDeploymentPostprocessing = 0;
		};
		84D3CB7F257F007B0042AD1E /* Sources */ = {
			isa = PBXSourcesBuildPhase;
			buildActionMask = 2147483647;
			files = (
				84D3CB88257F007B0042AD1E /* LightUITests.swift in Sources */,
			);
			runOnlyForDeploymentPostprocessing = 0;
		};
/* End PBXSourcesBuildPhase section */

/* Begin PBXTargetDependency section */
		84D3CB7A257F007B0042AD1E /* PBXTargetDependency */ = {
			isa = PBXTargetDependency;
			target = 84D3CB61257F00720042AD1E /* Light */;
			targetProxy = 84D3CB79257F007B0042AD1E /* PBXContainerItemProxy */;
		};
		84D3CB85257F007B0042AD1E /* PBXTargetDependency */ = {
			isa = PBXTargetDependency;
			target = 84D3CB61257F00720042AD1E /* Light */;
			targetProxy = 84D3CB84257F007B0042AD1E /* PBXContainerItemProxy */;
		};
/* End PBXTargetDependency section */

/* Begin PBXVariantGroup section */
		84D3CB6B257F00730042AD1E /* Main.storyboard */ = {
			isa = PBXVariantGroup;
			children = (
				84D3CB6C257F00730042AD1E /* Base */,
			);
			name = Main.storyboard;
			sourceTree = "<group>";
		};
		84D3CB70257F007A0042AD1E /* LaunchScreen.storyboard */ = {
			isa = PBXVariantGroup;
			children = (
				84D3CB71257F007A0042AD1E /* Base */,
			);
			name = LaunchScreen.storyboard;
			sourceTree = "<group>";
		};
/* End PBXVariantGroup section */

/* Begin XCBuildConfiguration section */
		84D3CB8A257F007B0042AD1E /* Debug */ = {
			isa = XCBuildConfiguration;
			buildSettings = {
				ALWAYS_SEARCH_USER_PATHS = NO;
				CLANG_ANALYZER_NONNULL = YES;
				CLANG_ANALYZER_NUMBER_OBJECT_CONVERSION = YES_AGGRESSIVE;
				CLANG_CXX_LANGUAGE_STANDARD = "gnu++14";
				CLANG_CXX_LIBRARY = "libc++";
				CLANG_ENABLE_MODULES = YES;
				CLANG_ENABLE_OBJC_ARC = YES;
				CLANG_ENABLE_OBJC_WEAK = YES;
				CLANG_WARN_BLOCK_CAPTURE_AUTORELEASING = YES;
				CLANG_WARN_BOOL_CONVERSION = YES;
				CLANG_WARN_COMMA = YES;
				CLANG_WARN_CONSTANT_CONVERSION = YES;
				CLANG_WARN_DEPRECATED_OBJC_IMPLEMENTATIONS = YES;
				CLANG_WARN_DIRECT_OBJC_ISA_USAGE = YES_ERROR;
				CLANG_WARN_DOCUMENTATION_COMMENTS = YES;
				CLANG_WARN_EMPTY_BODY = YES;
				CLANG_WARN_ENUM_CONVERSION = YES;
				CLANG_WARN_INFINITE_RECURSION = YES;
				CLANG_WARN_INT_CONVERSION = YES;
				CLANG_WARN_NON_LITERAL_NULL_CONVERSION = YES;
				CLANG_WARN_OBJC_IMPLICIT_RETAIN_SELF = YES;
				CLANG_WARN_OBJC_LITERAL_CONVERSION = YES;
				CLANG_WARN_OBJC_ROOT_CLASS = YES_ERROR;
				CLANG_WARN_QUOTED_INCLUDE_IN_FRAMEWORK_HEADER = YES;
				CLANG_WARN_RANGE_LOOP_ANALYSIS = YES;
				CLANG_WARN_STRICT_PROTOTYPES = YES;
				CLANG_WARN_SUSPICIOUS_MOVE = YES;
				CLANG_WARN_UNGUARDED_AVAILABILITY = YES_AGGRESSIVE;
				CLANG_WARN_UNREACHABLE_CODE = YES;
				CLANG_WARN__DUPLICATE_METHOD_MATCH = YES;
				COPY_PHASE_STRIP = NO;
				DEBUG_INFORMATION_FORMAT = dwarf;
				ENABLE_STRICT_OBJC_MSGSEND = YES;
				ENABLE_TESTABILITY = YES;
				GCC_C_LANGUAGE_STANDARD = gnu11;
				GCC_DYNAMIC_NO_PIC = NO;
				GCC_NO_COMMON_BLOCKS = YES;
				GCC_OPTIMIZATION_LEVEL = 0;
				GCC_PREPROCESSOR_DEFINITIONS = (
					"DEBUG=1",
					"$(inherited)",
				);
				GCC_WARN_64_TO_32_BIT_CONVERSION = YES;
				GCC_WARN_ABOUT_RETURN_TYPE = YES_ERROR;
				GCC_WARN_UNDECLARED_SELECTOR = YES;
				GCC_WARN_UNINITIALIZED_AUTOS = YES_AGGRESSIVE;
				GCC_WARN_UNUSED_FUNCTION = YES;
				GCC_WARN_UNUSED_VARIABLE = YES;
				IPHONEOS_DEPLOYMENT_TARGET = 14.2;
				MTL_ENABLE_DEBUG_INFO = INCLUDE_SOURCE;
				MTL_FAST_MATH = YES;
				ONLY_ACTIVE_ARCH = YES;
				SDKROOT = iphoneos;
				SWIFT_ACTIVE_COMPILATION_CONDITIONS = DEBUG;
				SWIFT_OPTIMIZATION_LEVEL = "-Onone";
			};
			name = Debug;
		};
		84D3CB8B257F007B0042AD1E /* Release */ = {
			isa = XCBuildConfiguration;
			buildSettings = {
				ALWAYS_SEARCH_USER_PATHS = NO;
				CLANG_ANALYZER_NONNULL = YES;
				CLANG_ANALYZER_NUMBER_OBJECT_CONVERSION = YES_AGGRESSIVE;
				CLANG_CXX_LANGUAGE_STANDARD = "gnu++14";
				CLANG_CXX_LIBRARY = "libc++";
				CLANG_ENABLE_MODULES = YES;
				CLANG_ENABLE_OBJC_ARC = YES;
				CLANG_ENABLE_OBJC_WEAK = YES;
				CLANG_WARN_BLOCK_CAPTURE_AUTORELEASING = YES;
				CLANG_WARN_BOOL_CONVERSION = YES;
				CLANG_WARN_COMMA = YES;
				CLANG_WARN_CONSTANT_CONVERSION = YES;
				CLANG_WARN_DEPRECATED_OBJC_IMPLEMENTATIONS = YES;
				CLANG_WARN_DIRECT_OBJC_ISA_USAGE = YES_ERROR;
				CLANG_WARN_DOCUMENTATION_COMMENTS = YES;
				CLANG_WARN_EMPTY_BODY = YES;
				CLANG_WARN_ENUM_CONVERSION = YES;
				CLANG_WARN_INFINITE_RECURSION = YES;
				CLANG_WARN_INT_CONVERSION = YES;
				CLANG_WARN_NON_LITERAL_NULL_CONVERSION = YES;
				CLANG_WARN_OBJC_IMPLICIT_RETAIN_SELF = YES;
				CLANG_WARN_OBJC_LITERAL_CONVERSION = YES;
				CLANG_WARN_OBJC_ROOT_CLASS = YES_ERROR;
				CLANG_WARN_QUOTED_INCLUDE_IN_FRAMEWORK_HEADER = YES;
				CLANG_WARN_RANGE_LOOP_ANALYSIS = YES;
				CLANG_WARN_STRICT_PROTOTYPES = YES;
				CLANG_WARN_SUSPICIOUS_MOVE = YES;
				CLANG_WARN_UNGUARDED_AVAILABILITY = YES_AGGRESSIVE;
				CLANG_WARN_UNREACHABLE_CODE = YES;
				CLANG_WARN__DUPLICATE_METHOD_MATCH = YES;
				COPY_PHASE_STRIP = NO;
				DEBUG_INFORMATION_FORMAT = "dwarf-with-dsym";
				ENABLE_NS_ASSERTIONS = NO;
				ENABLE_STRICT_OBJC_MSGSEND = YES;
				GCC_C_LANGUAGE_STANDARD = gnu11;
				GCC_NO_COMMON_BLOCKS = YES;
				GCC_WARN_64_TO_32_BIT_CONVERSION = YES;
				GCC_WARN_ABOUT_RETURN_TYPE = YES_ERROR;
				GCC_WARN_UNDECLARED_SELECTOR = YES;
				GCC_WARN_UNINITIALIZED_AUTOS = YES_AGGRESSIVE;
				GCC_WARN_UNUSED_FUNCTION = YES;
				GCC_WARN_UNUSED_VARIABLE = YES;
				IPHONEOS_DEPLOYMENT_TARGET = 14.2;
				MTL_ENABLE_DEBUG_INFO = NO;
				MTL_FAST_MATH = YES;
				SDKROOT = iphoneos;
				SWIFT_COMPILATION_MODE = wholemodule;
				SWIFT_OPTIMIZATION_LEVEL = "-O";
				VALIDATE_PRODUCT = YES;
			};
			name = Release;
		};
		84D3CB8D257F007B0042AD1E /* Debug */ = {
			isa = XCBuildConfiguration;
			buildSettings = {
				ASSETCATALOG_COMPILER_APPICON_NAME = AppIcon;
				ASSETCATALOG_COMPILER_GLOBAL_ACCENT_COLOR_NAME = AccentColor;
				CODE_SIGN_STYLE = Automatic;
				DEVELOPMENT_TEAM = J845SFAFBU;
				INFOPLIST_FILE = Light/Info.plist;
				LD_RUNPATH_SEARCH_PATHS = (
					"$(inherited)",
					"@executable_path/Frameworks",
				);
				PRODUCT_BUNDLE_IDENTIFIER = com.LeahSimone.Light;
				PRODUCT_NAME = "$(TARGET_NAME)";
				SWIFT_VERSION = 5.0;
				TARGETED_DEVICE_FAMILY = "1,2";
			};
			name = Debug;
		};
		84D3CB8E257F007B0042AD1E /* Release */ = {
			isa = XCBuildConfiguration;
			buildSettings = {
				ASSETCATALOG_COMPILER_APPICON_NAME = AppIcon;
				ASSETCATALOG_COMPILER_GLOBAL_ACCENT_COLOR_NAME = AccentColor;
				CODE_SIGN_STYLE = Automatic;
				DEVELOPMENT_TEAM = J845SFAFBU;
				INFOPLIST_FILE = Light/Info.plist;
				LD_RUNPATH_SEARCH_PATHS = (
					"$(inherited)",
					"@executable_path/Frameworks",
				);
				PRODUCT_BUNDLE_IDENTIFIER = com.LeahSimone.Light;
				PRODUCT_NAME = "$(TARGET_NAME)";
				SWIFT_VERSION = 5.0;
				TARGETED_DEVICE_FAMILY = "1,2";
			};
			name = Release;
		};
		84D3CB90257F007B0042AD1E /* Debug */ = {
			isa = XCBuildConfiguration;
			buildSettings = {
				ALWAYS_EMBED_SWIFT_STANDARD_LIBRARIES = YES;
				BUNDLE_LOADER = "$(TEST_HOST)";
				CODE_SIGN_STYLE = Automatic;
				DEVELOPMENT_TEAM = J845SFAFBU;
				INFOPLIST_FILE = LightTests/Info.plist;
				IPHONEOS_DEPLOYMENT_TARGET = 14.2;
				LD_RUNPATH_SEARCH_PATHS = (
					"$(inherited)",
					"@executable_path/Frameworks",
					"@loader_path/Frameworks",
				);
				PRODUCT_BUNDLE_IDENTIFIER = com.LeahSimone.LightTests;
				PRODUCT_NAME = "$(TARGET_NAME)";
				SWIFT_VERSION = 5.0;
				TARGETED_DEVICE_FAMILY = "1,2";
				TEST_HOST = "$(BUILT_PRODUCTS_DIR)/Light.app/Light";
			};
			name = Debug;
		};
		84D3CB91257F007B0042AD1E /* Release */ = {
			isa = XCBuildConfiguration;
			buildSettings = {
				ALWAYS_EMBED_SWIFT_STANDARD_LIBRARIES = YES;
				BUNDLE_LOADER = "$(TEST_HOST)";
				CODE_SIGN_STYLE = Automatic;
				DEVELOPMENT_TEAM = J845SFAFBU;
				INFOPLIST_FILE = LightTests/Info.plist;
				IPHONEOS_DEPLOYMENT_TARGET = 14.2;
				LD_RUNPATH_SEARCH_PATHS = (
					"$(inherited)",
					"@executable_path/Frameworks",
					"@loader_path/Frameworks",
				);
				PRODUCT_BUNDLE_IDENTIFIER = com.LeahSimone.LightTests;
				PRODUCT_NAME = "$(TARGET_NAME)";
				SWIFT_VERSION = 5.0;
				TARGETED_DEVICE_FAMILY = "1,2";
				TEST_HOST = "$(BUILT_PRODUCTS_DIR)/Light.app/Light";
			};
			name = Release;
		};
		84D3CB93257F007B0042AD1E /* Debug */ = {
			isa = XCBuildConfiguration;
			buildSettings = {
				ALWAYS_EMBED_SWIFT_STANDARD_LIBRARIES = YES;
				CODE_SIGN_STYLE = Automatic;
				DEVELOPMENT_TEAM = J845SFAFBU;
				INFOPLIST_FILE = LightUITests/Info.plist;
				LD_RUNPATH_SEARCH_PATHS = (
					"$(inherited)",
					"@executable_path/Frameworks",
					"@loader_path/Frameworks",
				);
				PRODUCT_BUNDLE_IDENTIFIER = com.LeahSimone.LightUITests;
				PRODUCT_NAME = "$(TARGET_NAME)";
				SWIFT_VERSION = 5.0;
				TARGETED_DEVICE_FAMILY = "1,2";
				TEST_TARGET_NAME = Light;
			};
			name = Debug;
		};
		84D3CB94257F007B0042AD1E /* Release */ = {
			isa = XCBuildConfiguration;
			buildSettings = {
				ALWAYS_EMBED_SWIFT_STANDARD_LIBRARIES = YES;
				CODE_SIGN_STYLE = Automatic;
				DEVELOPMENT_TEAM = J845SFAFBU;
				INFOPLIST_FILE = LightUITests/Info.plist;
				LD_RUNPATH_SEARCH_PATHS = (
					"$(inherited)",
					"@executable_path/Frameworks",
					"@loader_path/Frameworks",
				);
				PRODUCT_BUNDLE_IDENTIFIER = com.LeahSimone.LightUITests;
				PRODUCT_NAME = "$(TARGET_NAME)";
				SWIFT_VERSION = 5.0;
				TARGETED_DEVICE_FAMILY = "1,2";
				TEST_TARGET_NAME = Light;
			};
			name = Release;
		};
/* End XCBuildConfiguration section */

/* Begin XCConfigurationList section */
		84D3CB5D257F00720042AD1E /* Build configuration list for PBXProject "Light" */ = {
			isa = XCConfigurationList;
			buildConfigurations = (
				84D3CB8A257F007B0042AD1E /* Debug */,
				84D3CB8B257F007B0042AD1E /* Release */,
			);
			defaultConfigurationIsVisible = 0;
			defaultConfigurationName = Release;
		};
		84D3CB8C257F007B0042AD1E /* Build configuration list for PBXNativeTarget "Light" */ = {
			isa = XCConfigurationList;
			buildConfigurations = (
				84D3CB8D257F007B0042AD1E /* Debug */,
				84D3CB8E257F007B0042AD1E /* Release */,
			);
			defaultConfigurationIsVisible = 0;
			defaultConfigurationName = Release;
		};
		84D3CB8F257F007B0042AD1E /* Build configuration list for PBXNativeTarget "LightTests" */ = {
			isa = XCConfigurationList;
			buildConfigurations = (
				84D3CB90257F007B0042AD1E /* Debug */,
				84D3CB91257F007B0042AD1E /* Release */,
			);
			defaultConfigurationIsVisible = 0;
			defaultConfigurationName = Release;
		};
		84D3CB92257F007B0042AD1E /* Build configuration list for PBXNativeTarget "LightUITests" */ = {
			isa = XCConfigurationList;
			buildConfigurations = (
				84D3CB93257F007B0042AD1E /* Debug */,
				84D3CB94257F007B0042AD1E /* Release */,
			);
			defaultConfigurationIsVisible = 0;
			defaultConfigurationName = Release;
		};
/* End XCConfigurationList section */
	};
	rootObject = 84D3CB5A257F00720042AD1E /* Project object */;
}
